
Microsoft Visual Studio Solution File, Format Version 12.00
# Visual Studio Version 17
VisualStudioVersion = 17.11.35327.3
MinimumVisualStudioVersion = 10.0.40219.1
Project("{FAE04EC0-301F-11D3-BF4B-00C04F79EFBC}") = "Sensor de nivel de lluvia", "Sensor de nivel de lluvia\Sensor de nivel de lluvia.csproj", "{999C13BF-6A7D-4D3B-AE12-04C309396CCD}"
EndProject
Global
	GlobalSection(SolutionConfigurationPlatforms) = preSolution
		Debug|Any CPU = Debug|Any CPU
		Release|Any CPU = Release|Any CPU
	EndGlobalSection
	GlobalSection(ProjectConfigurationPlatforms) = postSolution
		{999C13BF-6A7D-4D3B-AE12-04C309396CCD}.Debug|Any CPU.ActiveCfg = Debug|Any CPU
		{999C13BF-6A7D-4D3B-AE12-04C309396CCD}.Debug|Any CPU.Build.0 = Debug|Any CPU
		{999C13BF-6A7D-4D3B-AE12-04C309396CCD}.Release|Any CPU.ActiveCfg = Release|Any CPU
		{999C13BF-6A7D-4D3B-AE12-04C309396CCD}.Release|Any CPU.Build.0 = Release|Any CPU
	EndGlobalSection
	GlobalSection(SolutionProperties) = preSolution
		HideSolutionNode = FALSE
	EndGlobalSection
	GlobalSection(ExtensibilityGlobals) = postSolution
		SolutionGuid = {C7894423-255A-4D57-BC86-83071E25A44B}
	EndGlobalSection
EndGlobal
